
Microsoft Visual Studio Solution File, Format Version 12.00
# Visual Studio Version 17
VisualStudioVersion = 17.13.36105.23
MinimumVisualStudioVersion = 10.0.40219.1
Project("{FAE04EC0-301F-11D3-BF4B-00C04F79EFBC}") = "Lab1.1", "Lab1.1\Lab1.1.csproj", "{B101AB07-DB9A-4996-A859-41C2303862E4}"
EndProject
Project("{FAE04EC0-301F-11D3-BF4B-00C04F79EFBC}") = "Lab1.2", "Lab1.2\Lab1.2.csproj", "{347C201D-0E24-4261-9E0A-001E92EEAF3F}"
EndProject
Project("{FAE04EC0-301F-11D3-BF4B-00C04F79EFBC}") = "Lab1.3", "Lab1.3\Lab1.3.csproj", "{A5E5E70F-0594-4294-A109-ECDB3569B551}"
EndProject
Project("{FAE04EC0-301F-11D3-BF4B-00C04F79EFBC}") = "Lab1.4_ClientMT", "Lab1.4_ClientMT\Lab1.4_ClientMT.csproj", "{05F9EDCC-7ED2-4E8D-98BA-9DC1EC30B08C}"
EndProject
Project("{FAE04EC0-301F-11D3-BF4B-00C04F79EFBC}") = "Lab1.4_ServerMT", "Lab1.4_ServerMT\Lab1.4_ServerMT.csproj", "{A2808462-8420-4DF5-93BE-EE88AA072048}"
EndProject
Project("{FAE04EC0-301F-11D3-BF4B-00C04F79EFBC}") = "Lab1.5", "Lab1.5\Lab1.5.csproj", "{7EA2C2BD-7A01-4F27-A299-053D8898F081}"
EndProject
Project("{FAE04EC0-301F-11D3-BF4B-00C04F79EFBC}") = "Lab1.6", "Lab1.6\Lab1.6.csproj", "{6DA8C221-0E57-4AE9-B375-8A495AE054A8}"
EndProject
Project("{FAE04EC0-301F-11D3-BF4B-00C04F79EFBC}") = "Lab2.1", "Lab2.1\Lab2.1.csproj", "{0D43C560-CE61-4824-A634-BE556912A3E5}"
EndProject
Project("{FAE04EC0-301F-11D3-BF4B-00C04F79EFBC}") = "Lab2.2", "Lab2.2\Lab2.2.csproj", "{1CDA97F5-29E2-46D0-A137-8A2E84EC300C}"
EndProject
Project("{FAE04EC0-301F-11D3-BF4B-00C04F79EFBC}") = "Lab3.1", "Lab3.1\Lab3.1.csproj", "{290F24B1-C560-4CF4-B116-D9C301DBF035}"
EndProject
Project("{FAE04EC0-301F-11D3-BF4B-00C04F79EFBC}") = "Lab3.1.Client", "Lab3.1.Client\Lab3.1.Client.csproj", "{A2A55815-D6EA-42FF-8BF0-273A2171D102}"
EndProject
Global
	GlobalSection(SolutionConfigurationPlatforms) = preSolution
		Debug|Any CPU = Debug|Any CPU
		Release|Any CPU = Release|Any CPU
	EndGlobalSection
	GlobalSection(ProjectConfigurationPlatforms) = postSolution
		{B101AB07-DB9A-4996-A859-41C2303862E4}.Debug|Any CPU.ActiveCfg = Debug|Any CPU
		{B101AB07-DB9A-4996-A859-41C2303862E4}.Debug|Any CPU.Build.0 = Debug|Any CPU
		{B101AB07-DB9A-4996-A859-41C2303862E4}.Release|Any CPU.ActiveCfg = Release|Any CPU
		{B101AB07-DB9A-4996-A859-41C2303862E4}.Release|Any CPU.Build.0 = Release|Any CPU
		{347C201D-0E24-4261-9E0A-001E92EEAF3F}.Debug|Any CPU.ActiveCfg = Debug|Any CPU
		{347C201D-0E24-4261-9E0A-001E92EEAF3F}.Debug|Any CPU.Build.0 = Debug|Any CPU
		{347C201D-0E24-4261-9E0A-001E92EEAF3F}.Release|Any CPU.ActiveCfg = Release|Any CPU
		{347C201D-0E24-4261-9E0A-001E92EEAF3F}.Release|Any CPU.Build.0 = Release|Any CPU
		{A5E5E70F-0594-4294-A109-ECDB3569B551}.Debug|Any CPU.ActiveCfg = Debug|Any CPU
		{A5E5E70F-0594-4294-A109-ECDB3569B551}.Debug|Any CPU.Build.0 = Debug|Any CPU
		{A5E5E70F-0594-4294-A109-ECDB3569B551}.Release|Any CPU.ActiveCfg = Release|Any CPU
		{A5E5E70F-0594-4294-A109-ECDB3569B551}.Release|Any CPU.Build.0 = Release|Any CPU
		{05F9EDCC-7ED2-4E8D-98BA-9DC1EC30B08C}.Debug|Any CPU.ActiveCfg = Debug|Any CPU
		{05F9EDCC-7ED2-4E8D-98BA-9DC1EC30B08C}.Debug|Any CPU.Build.0 = Debug|Any CPU
		{05F9EDCC-7ED2-4E8D-98BA-9DC1EC30B08C}.Release|Any CPU.ActiveCfg = Release|Any CPU
		{05F9EDCC-7ED2-4E8D-98BA-9DC1EC30B08C}.Release|Any CPU.Build.0 = Release|Any CPU
		{A2808462-8420-4DF5-93BE-EE88AA072048}.Debug|Any CPU.ActiveCfg = Debug|Any CPU
		{A2808462-8420-4DF5-93BE-EE88AA072048}.Debug|Any CPU.Build.0 = Debug|Any CPU
		{A2808462-8420-4DF5-93BE-EE88AA072048}.Release|Any CPU.ActiveCfg = Release|Any CPU
		{A2808462-8420-4DF5-93BE-EE88AA072048}.Release|Any CPU.Build.0 = Release|Any CPU
		{7EA2C2BD-7A01-4F27-A299-053D8898F081}.Debug|Any CPU.ActiveCfg = Debug|Any CPU
		{7EA2C2BD-7A01-4F27-A299-053D8898F081}.Debug|Any CPU.Build.0 = Debug|Any CPU
		{7EA2C2BD-7A01-4F27-A299-053D8898F081}.Release|Any CPU.ActiveCfg = Release|Any CPU
		{7EA2C2BD-7A01-4F27-A299-053D8898F081}.Release|Any CPU.Build.0 = Release|Any CPU
		{6DA8C221-0E57-4AE9-B375-8A495AE054A8}.Debug|Any CPU.ActiveCfg = Debug|Any CPU
		{6DA8C221-0E57-4AE9-B375-8A495AE054A8}.Debug|Any CPU.Build.0 = Debug|Any CPU
		{6DA8C221-0E57-4AE9-B375-8A495AE054A8}.Release|Any CPU.ActiveCfg = Release|Any CPU
		{6DA8C221-0E57-4AE9-B375-8A495AE054A8}.Release|Any CPU.Build.0 = Release|Any CPU
		{0D43C560-CE61-4824-A634-BE556912A3E5}.Debug|Any CPU.ActiveCfg = Debug|Any CPU
		{0D43C560-CE61-4824-A634-BE556912A3E5}.Debug|Any CPU.Build.0 = Debug|Any CPU
		{0D43C560-CE61-4824-A634-BE556912A3E5}.Release|Any CPU.ActiveCfg = Release|Any CPU
		{0D43C560-CE61-4824-A634-BE556912A3E5}.Release|Any CPU.Build.0 = Release|Any CPU
		{1CDA97F5-29E2-46D0-A137-8A2E84EC300C}.Debug|Any CPU.ActiveCfg = Debug|Any CPU
		{1CDA97F5-29E2-46D0-A137-8A2E84EC300C}.Debug|Any CPU.Build.0 = Debug|Any CPU
		{1CDA97F5-29E2-46D0-A137-8A2E84EC300C}.Release|Any CPU.ActiveCfg = Release|Any CPU
		{1CDA97F5-29E2-46D0-A137-8A2E84EC300C}.Release|Any CPU.Build.0 = Release|Any CPU
		{290F24B1-C560-4CF4-B116-D9C301DBF035}.Debug|Any CPU.ActiveCfg = Debug|Any CPU
		{290F24B1-C560-4CF4-B116-D9C301DBF035}.Debug|Any CPU.Build.0 = Debug|Any CPU
		{290F24B1-C560-4CF4-B116-D9C301DBF035}.Release|Any CPU.ActiveCfg = Release|Any CPU
		{290F24B1-C560-4CF4-B116-D9C301DBF035}.Release|Any CPU.Build.0 = Release|Any CPU
		{A2A55815-D6EA-42FF-8BF0-273A2171D102}.Debug|Any CPU.ActiveCfg = Debug|Any CPU
		{A2A55815-D6EA-42FF-8BF0-273A2171D102}.Debug|Any CPU.Build.0 = Debug|Any CPU
		{A2A55815-D6EA-42FF-8BF0-273A2171D102}.Release|Any CPU.ActiveCfg = Release|Any CPU
		{A2A55815-D6EA-42FF-8BF0-273A2171D102}.Release|Any CPU.Build.0 = Release|Any CPU
	EndGlobalSection
	GlobalSection(SolutionProperties) = preSolution
		HideSolutionNode = FALSE
	EndGlobalSection
	GlobalSection(ExtensibilityGlobals) = postSolution
		SolutionGuid = {33939048-2604-4A70-8BD2-C0393F6B5F38}
	EndGlobalSection
EndGlobal
